
Microsoft Visual Studio Solution File, Format Version 12.00
# Visual Studio Version 17
VisualStudioVersion = 17.12.35707.178 d17.12
MinimumVisualStudioVersion = 10.0.40219.1
Project("{FAE04EC0-301F-11D3-BF4B-00C04F79EFBC}") = "VerificaciondeAcceso.cs", "VerificaciondeAcceso.cs\VerificaciondeAcceso.cs.csproj", "{5982CD5C-B10F-47B7-BAD0-C8399DC1CF1D}"
EndProject
Global
	GlobalSection(SolutionConfigurationPlatforms) = preSolution
		Debug|Any CPU = Debug|Any CPU
		Release|Any CPU = Release|Any CPU
	EndGlobalSection
	GlobalSection(ProjectConfigurationPlatforms) = postSolution
		{5982CD5C-B10F-47B7-BAD0-C8399DC1CF1D}.Debug|Any CPU.ActiveCfg = Debug|Any CPU
		{5982CD5C-B10F-47B7-BAD0-C8399DC1CF1D}.Debug|Any CPU.Build.0 = Debug|Any CPU
		{5982CD5C-B10F-47B7-BAD0-C8399DC1CF1D}.Release|Any CPU.ActiveCfg = Release|Any CPU
		{5982CD5C-B10F-47B7-BAD0-C8399DC1CF1D}.Release|Any CPU.Build.0 = Release|Any CPU
	EndGlobalSection
	GlobalSection(SolutionProperties) = preSolution
		HideSolutionNode = FALSE
	EndGlobalSection
EndGlobal
